
Microsoft Visual Studio Solution File, Format Version 12.00
# Visual Studio 15
VisualStudioVersion = 15.0.28010.2016
MinimumVisualStudioVersion = 10.0.40219.1
Project("{FAE04EC0-301F-11D3-BF4B-00C04F79EFBC}") = "CustomCollectionsTestApp", "CustomCollectionsTestApp\CustomCollectionsTestApp.csproj", "{D454A252-2A67-4057-8A55-633B6AD5A3F8}"
EndProject
Project("{FAE04EC0-301F-11D3-BF4B-00C04F79EFBC}") = "CustomCollections", "CustomCollections\CustomCollections.csproj", "{072F4A79-DD6B-47FA-ACB3-09A5232ADD48}"
EndProject
Project("{FAE04EC0-301F-11D3-BF4B-00C04F79EFBC}") = "CustomCollectionsTests", "CustomCollectionsTests\CustomCollectionsTests.csproj", "{3C20B05D-5500-44B6-9799-9B1BDA9A11FC}"
EndProject
Global
	GlobalSection(SolutionConfigurationPlatforms) = preSolution
		Debug|Any CPU = Debug|Any CPU
		Release|Any CPU = Release|Any CPU
	EndGlobalSection
	GlobalSection(ProjectConfigurationPlatforms) = postSolution
		{D454A252-2A67-4057-8A55-633B6AD5A3F8}.Debug|Any CPU.ActiveCfg = Debug|Any CPU
		{D454A252-2A67-4057-8A55-633B6AD5A3F8}.Debug|Any CPU.Build.0 = Debug|Any CPU
		{D454A252-2A67-4057-8A55-633B6AD5A3F8}.Release|Any CPU.ActiveCfg = Release|Any CPU
		{D454A252-2A67-4057-8A55-633B6AD5A3F8}.Release|Any CPU.Build.0 = Release|Any CPU
		{072F4A79-DD6B-47FA-ACB3-09A5232ADD48}.Debug|Any CPU.ActiveCfg = Debug|Any CPU
		{072F4A79-DD6B-47FA-ACB3-09A5232ADD48}.Debug|Any CPU.Build.0 = Debug|Any CPU
		{072F4A79-DD6B-47FA-ACB3-09A5232ADD48}.Release|Any CPU.ActiveCfg = Release|Any CPU
		{072F4A79-DD6B-47FA-ACB3-09A5232ADD48}.Release|Any CPU.Build.0 = Release|Any CPU
		{3C20B05D-5500-44B6-9799-9B1BDA9A11FC}.Debug|Any CPU.ActiveCfg = Debug|Any CPU
		{3C20B05D-5500-44B6-9799-9B1BDA9A11FC}.Debug|Any CPU.Build.0 = Debug|Any CPU
		{3C20B05D-5500-44B6-9799-9B1BDA9A11FC}.Release|Any CPU.ActiveCfg = Release|Any CPU
		{3C20B05D-5500-44B6-9799-9B1BDA9A11FC}.Release|Any CPU.Build.0 = Release|Any CPU
	EndGlobalSection
	GlobalSection(SolutionProperties) = preSolution
		HideSolutionNode = FALSE
	EndGlobalSection
	GlobalSection(ExtensibilityGlobals) = postSolution
		SolutionGuid = {B9C52EA7-D55A-40DF-ABBE-57C686CE45F1}
	EndGlobalSection
EndGlobal
